
Microsoft Visual Studio Solution File, Format Version 12.00
Project("{FAE04EC0-301F-11D3-BF4B-00C04F79EFBC}") = "PrimeNumbers.App", "PrimeNumbers.App\PrimeNumbers.App.csproj", "{126F513E-2365-491A-BACA-C19ED7AA9561}"
EndProject
Project("{FAE04EC0-301F-11D3-BF4B-00C04F79EFBC}") = "PrimeNumbers.Tests", "PrimeNumbers.Tests\PrimeNumbers.Tests.csproj", "{CFBD6644-31CA-4F80-A635-C6AE8AE97EA1}"
EndProject
Global
	GlobalSection(SolutionConfigurationPlatforms) = preSolution
		Debug|Any CPU = Debug|Any CPU
		Release|Any CPU = Release|Any CPU
	EndGlobalSection
	GlobalSection(ProjectConfigurationPlatforms) = postSolution
		{126F513E-2365-491A-BACA-C19ED7AA9561}.Debug|Any CPU.ActiveCfg = Debug|Any CPU
		{126F513E-2365-491A-BACA-C19ED7AA9561}.Debug|Any CPU.Build.0 = Debug|Any CPU
		{126F513E-2365-491A-BACA-C19ED7AA9561}.Release|Any CPU.ActiveCfg = Release|Any CPU
		{126F513E-2365-491A-BACA-C19ED7AA9561}.Release|Any CPU.Build.0 = Release|Any CPU
		{CFBD6644-31CA-4F80-A635-C6AE8AE97EA1}.Debug|Any CPU.ActiveCfg = Debug|Any CPU
		{CFBD6644-31CA-4F80-A635-C6AE8AE97EA1}.Debug|Any CPU.Build.0 = Debug|Any CPU
		{CFBD6644-31CA-4F80-A635-C6AE8AE97EA1}.Release|Any CPU.ActiveCfg = Release|Any CPU
		{CFBD6644-31CA-4F80-A635-C6AE8AE97EA1}.Release|Any CPU.Build.0 = Release|Any CPU
	EndGlobalSection
EndGlobal
